
Microsoft Visual Studio Solution File, Format Version 12.00
# Visual Studio 2012
Project("{FAE04EC0-301F-11D3-BF4B-00C04F79EFBC}") = "PhotosProxy", "..\..\..\CommonWinRT\PhotosProxy\PhotosProxy.csproj", "{D9633879-F64C-4C1D-B36A-C36A6E5982E7}"
EndProject
Project("{262852C6-CD72-467D-83FE-5EEB1973A190}") = "PhotosSample", "PhotosSample\PhotosSample.jsproj", "{74829A91-AE69-4BED-B832-5B7547A75ED4}"
EndProject
Global
	GlobalSection(SolutionConfigurationPlatforms) = preSolution
		Debug|Any CPU = Debug|Any CPU
		Debug|ARM = Debug|ARM
		Debug|x64 = Debug|x64
		Debug|x86 = Debug|x86
		Release|Any CPU = Release|Any CPU
		Release|ARM = Release|ARM
		Release|x64 = Release|x64
		Release|x86 = Release|x86
	EndGlobalSection
	GlobalSection(ProjectConfigurationPlatforms) = postSolution
		{D9633879-F64C-4C1D-B36A-C36A6E5982E7}.Debug|Any CPU.ActiveCfg = Debug|Any CPU
		{D9633879-F64C-4C1D-B36A-C36A6E5982E7}.Debug|Any CPU.Build.0 = Debug|Any CPU
		{D9633879-F64C-4C1D-B36A-C36A6E5982E7}.Debug|ARM.ActiveCfg = Debug|ARM
		{D9633879-F64C-4C1D-B36A-C36A6E5982E7}.Debug|ARM.Build.0 = Debug|ARM
		{D9633879-F64C-4C1D-B36A-C36A6E5982E7}.Debug|x64.ActiveCfg = Debug|x64
		{D9633879-F64C-4C1D-B36A-C36A6E5982E7}.Debug|x64.Build.0 = Debug|x64
		{D9633879-F64C-4C1D-B36A-C36A6E5982E7}.Debug|x86.ActiveCfg = Debug|x86
		{D9633879-F64C-4C1D-B36A-C36A6E5982E7}.Debug|x86.Build.0 = Debug|x86
		{D9633879-F64C-4C1D-B36A-C36A6E5982E7}.Release|Any CPU.ActiveCfg = Release|Any CPU
		{D9633879-F64C-4C1D-B36A-C36A6E5982E7}.Release|Any CPU.Build.0 = Release|Any CPU
		{D9633879-F64C-4C1D-B36A-C36A6E5982E7}.Release|ARM.ActiveCfg = Release|ARM
		{D9633879-F64C-4C1D-B36A-C36A6E5982E7}.Release|ARM.Build.0 = Release|ARM
		{D9633879-F64C-4C1D-B36A-C36A6E5982E7}.Release|x64.ActiveCfg = Release|x64
		{D9633879-F64C-4C1D-B36A-C36A6E5982E7}.Release|x64.Build.0 = Release|x64
		{D9633879-F64C-4C1D-B36A-C36A6E5982E7}.Release|x86.ActiveCfg = Release|x86
		{D9633879-F64C-4C1D-B36A-C36A6E5982E7}.Release|x86.Build.0 = Release|x86
		{74829A91-AE69-4BED-B832-5B7547A75ED4}.Debug|Any CPU.ActiveCfg = Debug|Any CPU
		{74829A91-AE69-4BED-B832-5B7547A75ED4}.Debug|Any CPU.Build.0 = Debug|Any CPU
		{74829A91-AE69-4BED-B832-5B7547A75ED4}.Debug|Any CPU.Deploy.0 = Debug|Any CPU
		{74829A91-AE69-4BED-B832-5B7547A75ED4}.Debug|ARM.ActiveCfg = Debug|ARM
		{74829A91-AE69-4BED-B832-5B7547A75ED4}.Debug|ARM.Build.0 = Debug|ARM
		{74829A91-AE69-4BED-B832-5B7547A75ED4}.Debug|ARM.Deploy.0 = Debug|ARM
		{74829A91-AE69-4BED-B832-5B7547A75ED4}.Debug|x64.ActiveCfg = Debug|x64
		{74829A91-AE69-4BED-B832-5B7547A75ED4}.Debug|x64.Build.0 = Debug|x64
		{74829A91-AE69-4BED-B832-5B7547A75ED4}.Debug|x64.Deploy.0 = Debug|x64
		{74829A91-AE69-4BED-B832-5B7547A75ED4}.Debug|x86.ActiveCfg = Debug|x86
		{74829A91-AE69-4BED-B832-5B7547A75ED4}.Debug|x86.Build.0 = Debug|x86
		{74829A91-AE69-4BED-B832-5B7547A75ED4}.Debug|x86.Deploy.0 = Debug|x86
		{74829A91-AE69-4BED-B832-5B7547A75ED4}.Release|Any CPU.ActiveCfg = Release|Any CPU
		{74829A91-AE69-4BED-B832-5B7547A75ED4}.Release|Any CPU.Build.0 = Release|Any CPU
		{74829A91-AE69-4BED-B832-5B7547A75ED4}.Release|Any CPU.Deploy.0 = Release|Any CPU
		{74829A91-AE69-4BED-B832-5B7547A75ED4}.Release|ARM.ActiveCfg = Release|ARM
		{74829A91-AE69-4BED-B832-5B7547A75ED4}.Release|ARM.Build.0 = Release|ARM
		{74829A91-AE69-4BED-B832-5B7547A75ED4}.Release|ARM.Deploy.0 = Release|ARM
		{74829A91-AE69-4BED-B832-5B7547A75ED4}.Release|x64.ActiveCfg = Release|x64
		{74829A91-AE69-4BED-B832-5B7547A75ED4}.Release|x64.Build.0 = Release|x64
		{74829A91-AE69-4BED-B832-5B7547A75ED4}.Release|x64.Deploy.0 = Release|x64
		{74829A91-AE69-4BED-B832-5B7547A75ED4}.Release|x86.ActiveCfg = Release|x86
		{74829A91-AE69-4BED-B832-5B7547A75ED4}.Release|x86.Build.0 = Release|x86
		{74829A91-AE69-4BED-B832-5B7547A75ED4}.Release|x86.Deploy.0 = Release|x86
	EndGlobalSection
	GlobalSection(SolutionProperties) = preSolution
		HideSolutionNode = FALSE
	EndGlobalSection
EndGlobal
